
Microsoft Visual Studio Solution File, Format Version 12.00
# Visual Studio Version 16
VisualStudioVersion = 16.0.31424.327
MinimumVisualStudioVersion = 10.0.40219.1
Project("{9A19103F-16F7-4668-BE54-9A1E7A4F7556}") = "OutlandSpaceEngine", "OutlandSpaceEngine\OutlandSpaceEngine.csproj", "{FCDB87F7-7BAC-4C56-BE68-38BC081F0C90}"
EndProject
Project("{9A19103F-16F7-4668-BE54-9A1E7A4F7556}") = "OutlandSpaceClient", "OutlandSpaceClient\OutlandSpaceClient.csproj", "{96E24631-7173-4442-B356-36B623581500}"
EndProject
Project("{9A19103F-16F7-4668-BE54-9A1E7A4F7556}") = "OutlandSpaceUniverse", "OutlandSpaceUniverse\OutlandSpaceUniverse.csproj", "{A0AE8B02-1F8C-482A-91C1-F5371A8BBFC2}"
EndProject
Project("{9A19103F-16F7-4668-BE54-9A1E7A4F7556}") = "OutlandSpaceCommon", "OutlandSpaceCommon\OutlandSpaceCommon.csproj", "{0A21C6E9-E632-48D2-BE39-38F6C8F38EEA}"
EndProject
Project("{9A19103F-16F7-4668-BE54-9A1E7A4F7556}") = "OutlandSpaceClientUpdater", "OutlandSpaceClientUpdater\OutlandSpaceClientUpdater.csproj", "{78E4B710-D726-4B4C-9C8F-481BB6537E3A}"
EndProject
Project("{9A19103F-16F7-4668-BE54-9A1E7A4F7556}") = "OutlandSpaceCommon.Tests", "OutlandSpaceCommon.Tests\OutlandSpaceCommon.Tests.csproj", "{061A83AD-8422-4863-982D-30E9CCE044FE}"
EndProject
Project("{9A19103F-16F7-4668-BE54-9A1E7A4F7556}") = "OutlandSpaceEngine.Tests", "OutlandSpaceEngine.Tests\OutlandSpaceEngine.Tests.csproj", "{8DEC6C07-7424-4305-A357-3C60B9A402EC}"
EndProject
Project("{9A19103F-16F7-4668-BE54-9A1E7A4F7556}") = "OutlandSpaceUniverse.Tests", "OutlandSpaceUniverse.Tests\OutlandSpaceUniverse.Tests.csproj", "{5E054932-A88A-4238-8513-F198A50C7E42}"
EndProject
Project("{9A19103F-16F7-4668-BE54-9A1E7A4F7556}") = "OutlandSpaceClientUpdater.Tests", "OutlandSpaceClientUpdater.Tests\OutlandSpaceClientUpdater.Tests.csproj", "{FD08B204-2CC5-4104-9CF6-18B4D4B6705F}"
EndProject
Project("{9A19103F-16F7-4668-BE54-9A1E7A4F7556}") = "OutlandSpaceClient.Tests", "OutlandSpaceClient.Tests\OutlandSpaceClient.Tests.csproj", "{58419C6B-36CD-405F-BBD1-FCC8A8121B6E}"
EndProject
Project("{9A19103F-16F7-4668-BE54-9A1E7A4F7556}") = "OutlandSpace.Integration.Tests", "OutlandSpace.Integration.Tests\OutlandSpace.Integration.Tests.csproj", "{5945C38A-7CCC-4C9D-A239-2E0BE194F54C}"
EndProject
Project("{2150E333-8FDC-42A3-9474-1A3956D46DE8}") = "Tests", "Tests", "{3BA93425-B099-4F21-BCB9-02265737D6E9}"
EndProject
Global
	GlobalSection(SolutionConfigurationPlatforms) = preSolution
		Debug|Any CPU = Debug|Any CPU
		Release|Any CPU = Release|Any CPU
	EndGlobalSection
	GlobalSection(ProjectConfigurationPlatforms) = postSolution
		{FCDB87F7-7BAC-4C56-BE68-38BC081F0C90}.Debug|Any CPU.ActiveCfg = Debug|Any CPU
		{FCDB87F7-7BAC-4C56-BE68-38BC081F0C90}.Debug|Any CPU.Build.0 = Debug|Any CPU
		{FCDB87F7-7BAC-4C56-BE68-38BC081F0C90}.Release|Any CPU.ActiveCfg = Release|Any CPU
		{FCDB87F7-7BAC-4C56-BE68-38BC081F0C90}.Release|Any CPU.Build.0 = Release|Any CPU
		{96E24631-7173-4442-B356-36B623581500}.Debug|Any CPU.ActiveCfg = Debug|Any CPU
		{96E24631-7173-4442-B356-36B623581500}.Debug|Any CPU.Build.0 = Debug|Any CPU
		{96E24631-7173-4442-B356-36B623581500}.Release|Any CPU.ActiveCfg = Release|Any CPU
		{96E24631-7173-4442-B356-36B623581500}.Release|Any CPU.Build.0 = Release|Any CPU
		{A0AE8B02-1F8C-482A-91C1-F5371A8BBFC2}.Debug|Any CPU.ActiveCfg = Debug|Any CPU
		{A0AE8B02-1F8C-482A-91C1-F5371A8BBFC2}.Debug|Any CPU.Build.0 = Debug|Any CPU
		{A0AE8B02-1F8C-482A-91C1-F5371A8BBFC2}.Release|Any CPU.ActiveCfg = Release|Any CPU
		{A0AE8B02-1F8C-482A-91C1-F5371A8BBFC2}.Release|Any CPU.Build.0 = Release|Any CPU
		{0A21C6E9-E632-48D2-BE39-38F6C8F38EEA}.Debug|Any CPU.ActiveCfg = Debug|Any CPU
		{0A21C6E9-E632-48D2-BE39-38F6C8F38EEA}.Debug|Any CPU.Build.0 = Debug|Any CPU
		{0A21C6E9-E632-48D2-BE39-38F6C8F38EEA}.Release|Any CPU.ActiveCfg = Release|Any CPU
		{0A21C6E9-E632-48D2-BE39-38F6C8F38EEA}.Release|Any CPU.Build.0 = Release|Any CPU
		{78E4B710-D726-4B4C-9C8F-481BB6537E3A}.Debug|Any CPU.ActiveCfg = Debug|Any CPU
		{78E4B710-D726-4B4C-9C8F-481BB6537E3A}.Debug|Any CPU.Build.0 = Debug|Any CPU
		{78E4B710-D726-4B4C-9C8F-481BB6537E3A}.Release|Any CPU.ActiveCfg = Release|Any CPU
		{78E4B710-D726-4B4C-9C8F-481BB6537E3A}.Release|Any CPU.Build.0 = Release|Any CPU
		{061A83AD-8422-4863-982D-30E9CCE044FE}.Debug|Any CPU.ActiveCfg = Debug|Any CPU
		{061A83AD-8422-4863-982D-30E9CCE044FE}.Debug|Any CPU.Build.0 = Debug|Any CPU
		{061A83AD-8422-4863-982D-30E9CCE044FE}.Release|Any CPU.ActiveCfg = Release|Any CPU
		{061A83AD-8422-4863-982D-30E9CCE044FE}.Release|Any CPU.Build.0 = Release|Any CPU
		{8DEC6C07-7424-4305-A357-3C60B9A402EC}.Debug|Any CPU.ActiveCfg = Debug|Any CPU
		{8DEC6C07-7424-4305-A357-3C60B9A402EC}.Debug|Any CPU.Build.0 = Debug|Any CPU
		{8DEC6C07-7424-4305-A357-3C60B9A402EC}.Release|Any CPU.ActiveCfg = Release|Any CPU
		{8DEC6C07-7424-4305-A357-3C60B9A402EC}.Release|Any CPU.Build.0 = Release|Any CPU
		{5E054932-A88A-4238-8513-F198A50C7E42}.Debug|Any CPU.ActiveCfg = Debug|Any CPU
		{5E054932-A88A-4238-8513-F198A50C7E42}.Debug|Any CPU.Build.0 = Debug|Any CPU
		{5E054932-A88A-4238-8513-F198A50C7E42}.Release|Any CPU.ActiveCfg = Release|Any CPU
		{5E054932-A88A-4238-8513-F198A50C7E42}.Release|Any CPU.Build.0 = Release|Any CPU
		{FD08B204-2CC5-4104-9CF6-18B4D4B6705F}.Debug|Any CPU.ActiveCfg = Debug|Any CPU
		{FD08B204-2CC5-4104-9CF6-18B4D4B6705F}.Debug|Any CPU.Build.0 = Debug|Any CPU
		{FD08B204-2CC5-4104-9CF6-18B4D4B6705F}.Release|Any CPU.ActiveCfg = Release|Any CPU
		{FD08B204-2CC5-4104-9CF6-18B4D4B6705F}.Release|Any CPU.Build.0 = Release|Any CPU
		{58419C6B-36CD-405F-BBD1-FCC8A8121B6E}.Debug|Any CPU.ActiveCfg = Debug|Any CPU
		{58419C6B-36CD-405F-BBD1-FCC8A8121B6E}.Debug|Any CPU.Build.0 = Debug|Any CPU
		{58419C6B-36CD-405F-BBD1-FCC8A8121B6E}.Release|Any CPU.ActiveCfg = Release|Any CPU
		{58419C6B-36CD-405F-BBD1-FCC8A8121B6E}.Release|Any CPU.Build.0 = Release|Any CPU
		{5945C38A-7CCC-4C9D-A239-2E0BE194F54C}.Debug|Any CPU.ActiveCfg = Debug|Any CPU
		{5945C38A-7CCC-4C9D-A239-2E0BE194F54C}.Debug|Any CPU.Build.0 = Debug|Any CPU
		{5945C38A-7CCC-4C9D-A239-2E0BE194F54C}.Release|Any CPU.ActiveCfg = Release|Any CPU
		{5945C38A-7CCC-4C9D-A239-2E0BE194F54C}.Release|Any CPU.Build.0 = Release|Any CPU
	EndGlobalSection
	GlobalSection(SolutionProperties) = preSolution
		HideSolutionNode = FALSE
	EndGlobalSection
	GlobalSection(NestedProjects) = preSolution
		{061A83AD-8422-4863-982D-30E9CCE044FE} = {3BA93425-B099-4F21-BCB9-02265737D6E9}
		{8DEC6C07-7424-4305-A357-3C60B9A402EC} = {3BA93425-B099-4F21-BCB9-02265737D6E9}
		{5E054932-A88A-4238-8513-F198A50C7E42} = {3BA93425-B099-4F21-BCB9-02265737D6E9}
		{FD08B204-2CC5-4104-9CF6-18B4D4B6705F} = {3BA93425-B099-4F21-BCB9-02265737D6E9}
		{58419C6B-36CD-405F-BBD1-FCC8A8121B6E} = {3BA93425-B099-4F21-BCB9-02265737D6E9}
		{5945C38A-7CCC-4C9D-A239-2E0BE194F54C} = {3BA93425-B099-4F21-BCB9-02265737D6E9}
	EndGlobalSection
	GlobalSection(ExtensibilityGlobals) = postSolution
		SolutionGuid = {78002152-3652-441B-A7AD-D7EC3E7FB63A}
	EndGlobalSection
EndGlobal
